
Microsoft Visual Studio Solution File, Format Version 12.00
# Visual Studio Version 17
VisualStudioVersion = 17.3.32922.545
MinimumVisualStudioVersion = 10.0.40219.1
Project("{FAE04EC0-301F-11D3-BF4B-00C04F79EFBC}") = "FoodStoreApp", "FoodStoreApp\FoodStoreApp.csproj", "{87384091-8D08-4556-9D68-D9C21961E455}"
EndProject
Global
	GlobalSection(SolutionConfigurationPlatforms) = preSolution
		Debug|Any CPU = Debug|Any CPU
		Release|Any CPU = Release|Any CPU
	EndGlobalSection
	GlobalSection(ProjectConfigurationPlatforms) = postSolution
		{87384091-8D08-4556-9D68-D9C21961E455}.Debug|Any CPU.ActiveCfg = Debug|Any CPU
		{87384091-8D08-4556-9D68-D9C21961E455}.Debug|Any CPU.Build.0 = Debug|Any CPU
		{87384091-8D08-4556-9D68-D9C21961E455}.Release|Any CPU.ActiveCfg = Release|Any CPU
		{87384091-8D08-4556-9D68-D9C21961E455}.Release|Any CPU.Build.0 = Release|Any CPU
	EndGlobalSection
	GlobalSection(SolutionProperties) = preSolution
		HideSolutionNode = FALSE
	EndGlobalSection
	GlobalSection(ExtensibilityGlobals) = postSolution
		SolutionGuid = {8F75923A-21B3-4B91-BB2C-EEF0EC311778}
	EndGlobalSection
EndGlobal
